
Microsoft Visual Studio Solution File, Format Version 12.00
# Visual Studio Version 16
VisualStudioVersion = 16.0.29102.190
MinimumVisualStudioVersion = 10.0.40219.1
Project("{9A19103F-16F7-4668-BE54-9A1E7A4F7556}") = "LetterSwap", "LetterSwapPlugin\LetterSwap.csproj", "{CEDB0A4C-33DC-46EF-BAF0-CB0B5F2F4DC6}"
EndProject
Project("{FAE04EC0-301F-11D3-BF4B-00C04F79EFBC}") = "MarkovChain", "MarkovChainPlugin\MarkovChain.csproj", "{537B8886-A752-47C4-A5B3-39D6F0CE9232}"
EndProject
Project("{9A19103F-16F7-4668-BE54-9A1E7A4F7556}") = "TimeInChina", "TimeInChinaPlugin\TimeInChina.csproj", "{5416CDD4-6F09-42B3-96D7-78CDDB925AED}"
EndProject
Project("{FAE04EC0-301F-11D3-BF4B-00C04F79EFBC}") = "GroupMeStats", "GroupMeStatsPlugin\GroupMeStats.csproj", "{27F8F383-1860-4D59-BB15-96CDC93D43C7}"
EndProject
Global
	GlobalSection(SolutionConfigurationPlatforms) = preSolution
		Debug|Any CPU = Debug|Any CPU
		Release|Any CPU = Release|Any CPU
	EndGlobalSection
	GlobalSection(ProjectConfigurationPlatforms) = postSolution
		{CEDB0A4C-33DC-46EF-BAF0-CB0B5F2F4DC6}.Debug|Any CPU.ActiveCfg = Debug|Any CPU
		{CEDB0A4C-33DC-46EF-BAF0-CB0B5F2F4DC6}.Debug|Any CPU.Build.0 = Debug|Any CPU
		{CEDB0A4C-33DC-46EF-BAF0-CB0B5F2F4DC6}.Release|Any CPU.ActiveCfg = Release|Any CPU
		{CEDB0A4C-33DC-46EF-BAF0-CB0B5F2F4DC6}.Release|Any CPU.Build.0 = Release|Any CPU
		{537B8886-A752-47C4-A5B3-39D6F0CE9232}.Debug|Any CPU.ActiveCfg = Debug|Any CPU
		{537B8886-A752-47C4-A5B3-39D6F0CE9232}.Debug|Any CPU.Build.0 = Debug|Any CPU
		{537B8886-A752-47C4-A5B3-39D6F0CE9232}.Release|Any CPU.ActiveCfg = Release|Any CPU
		{537B8886-A752-47C4-A5B3-39D6F0CE9232}.Release|Any CPU.Build.0 = Release|Any CPU
		{5416CDD4-6F09-42B3-96D7-78CDDB925AED}.Debug|Any CPU.ActiveCfg = Debug|Any CPU
		{5416CDD4-6F09-42B3-96D7-78CDDB925AED}.Debug|Any CPU.Build.0 = Debug|Any CPU
		{5416CDD4-6F09-42B3-96D7-78CDDB925AED}.Release|Any CPU.ActiveCfg = Release|Any CPU
		{5416CDD4-6F09-42B3-96D7-78CDDB925AED}.Release|Any CPU.Build.0 = Release|Any CPU
		{27F8F383-1860-4D59-BB15-96CDC93D43C7}.Debug|Any CPU.ActiveCfg = Debug|Any CPU
		{27F8F383-1860-4D59-BB15-96CDC93D43C7}.Debug|Any CPU.Build.0 = Debug|Any CPU
		{27F8F383-1860-4D59-BB15-96CDC93D43C7}.Release|Any CPU.ActiveCfg = Release|Any CPU
		{27F8F383-1860-4D59-BB15-96CDC93D43C7}.Release|Any CPU.Build.0 = Release|Any CPU
	EndGlobalSection
	GlobalSection(SolutionProperties) = preSolution
		HideSolutionNode = FALSE
	EndGlobalSection
	GlobalSection(ExtensibilityGlobals) = postSolution
		SolutionGuid = {2A5F5A91-986B-4DF1-9CE9-E20C34DFC2E4}
	EndGlobalSection
EndGlobal
